
Microsoft Visual Studio Solution File, Format Version 12.00
# Visual Studio Version 17
VisualStudioVersion = 17.8.34330.188
MinimumVisualStudioVersion = 10.0.40219.1
Project("{FAE04EC0-301F-11D3-BF4B-00C04F79EFBC}") = "ProbabilityConsolePrjct", "ProbabilityConsolePrjct\ProbabilityConsolePrjct.csproj", "{72327678-A292-417B-8736-605606D908B1}"
EndProject
Project("{FAE04EC0-301F-11D3-BF4B-00C04F79EFBC}") = "ProbabilityTests", "ProbabilityTests\ProbabilityTests.csproj", "{196F05E5-68C9-44FF-A1E6-4574A5984C14}"
EndProject
Global
	GlobalSection(SolutionConfigurationPlatforms) = preSolution
		Debug|Any CPU = Debug|Any CPU
		Release|Any CPU = Release|Any CPU
	EndGlobalSection
	GlobalSection(ProjectConfigurationPlatforms) = postSolution
		{72327678-A292-417B-8736-605606D908B1}.Debug|Any CPU.ActiveCfg = Debug|Any CPU
		{72327678-A292-417B-8736-605606D908B1}.Debug|Any CPU.Build.0 = Debug|Any CPU
		{72327678-A292-417B-8736-605606D908B1}.Release|Any CPU.ActiveCfg = Release|Any CPU
		{72327678-A292-417B-8736-605606D908B1}.Release|Any CPU.Build.0 = Release|Any CPU
		{196F05E5-68C9-44FF-A1E6-4574A5984C14}.Debug|Any CPU.ActiveCfg = Debug|Any CPU
		{196F05E5-68C9-44FF-A1E6-4574A5984C14}.Debug|Any CPU.Build.0 = Debug|Any CPU
		{196F05E5-68C9-44FF-A1E6-4574A5984C14}.Release|Any CPU.ActiveCfg = Release|Any CPU
		{196F05E5-68C9-44FF-A1E6-4574A5984C14}.Release|Any CPU.Build.0 = Release|Any CPU
	EndGlobalSection
	GlobalSection(SolutionProperties) = preSolution
		HideSolutionNode = FALSE
	EndGlobalSection
	GlobalSection(ExtensibilityGlobals) = postSolution
		SolutionGuid = {26787A82-F21E-4C36-BCA5-F7311E7F4ECA}
	EndGlobalSection
EndGlobal
